// !$*UTF8*$!
{
	archiveVersion = 1;
	classes = {
	};
	objectVersion = 46;
	objects = {

/* Begin PBXBuildFile section */
		6C74DEAB1F0C2E87000699E9 /* SemanticLog.swift in Sources */ = {isa = PBXBuildFile; fileRef = 6C74DEAA1F0C2E87000699E9 /* SemanticLog.swift */; };
		6CA25EA11F0C389B00987938 /* Extensions.swift in Sources */ = {isa = PBXBuildFile; fileRef = 6CA25EA01F0C389B00987938 /* Extensions.swift */; };
		6CE7AE8D1F04F88700204C95 /* main.swift in Sources */ = {isa = PBXBuildFile; fileRef = 6CE7AE8C1F04F88700204C95 /* main.swift */; };
/* End PBXBuildFile section */

/* Begin PBXCopyFilesBuildPhase section */
		6CE7AE871F04F88700204C95 /* CopyFiles */ = {
			isa = PBXCopyFilesBuildPhase;
			buildActionMask = 2147483647;
			dstPath = /usr/share/man/man1/;
			dstSubfolderSpec = 0;
			files = (
			);
			runOnlyForDeploymentPostprocessing = 1;
		};
/* End PBXCopyFilesBuildPhase section */

/* Begin PBXFileReference section */
		6C1421371F0CCD4C00DFE3A2 /* Info.plist */ = {isa = PBXFileReference; fileEncoding = 4; lastKnownFileType = text.plist.xml; path = Info.plist; sourceTree = "<group>"; };
		6C74DEAA1F0C2E87000699E9 /* SemanticLog.swift */ = {isa = PBXFileReference; fileEncoding = 4; lastKnownFileType = sourcecode.swift; path = SemanticLog.swift; sourceTree = "<group>"; };
		6CA25EA01F0C389B00987938 /* Extensions.swift */ = {isa = PBXFileReference; fileEncoding = 4; lastKnownFileType = sourcecode.swift; path = Extensions.swift; sourceTree = "<group>"; };
		6CE7AE891F04F88700204C95 /* semlog */ = {isa = PBXFileReference; explicitFileType = "compiled.mach-o.executable"; includeInIndex = 0; path = semlog; sourceTree = BUILT_PRODUCTS_DIR; };
		6CE7AE8C1F04F88700204C95 /* main.swift */ = {isa = PBXFileReference; lastKnownFileType = sourcecode.swift; path = main.swift; sourceTree = "<group>"; };
/* End PBXFileReference section */

/* Begin PBXFrameworksBuildPhase section */
		6CE7AE861F04F88700204C95 /* Frameworks */ = {
			isa = PBXFrameworksBuildPhase;
			buildActionMask = 2147483647;
			files = (
			);
			runOnlyForDeploymentPostprocessing = 0;
		};
/* End PBXFrameworksBuildPhase section */

/* Begin PBXGroup section */
		6CE7AE801F04F88700204C95 = {
			isa = PBXGroup;
			children = (
				6C1421371F0CCD4C00DFE3A2 /* Info.plist */,
				6CE7AE8B1F04F88700204C95 /* semlog */,
				6CE7AE8A1F04F88700204C95 /* Products */,
			);
			sourceTree = "<group>";
		};
		6CE7AE8A1F04F88700204C95 /* Products */ = {
			isa = PBXGroup;
			children = (
				6CE7AE891F04F88700204C95 /* semlog */,
			);
			name = Products;
			sourceTree = "<group>";
		};
		6CE7AE8B1F04F88700204C95 /* semlog */ = {
			isa = PBXGroup;
			children = (
				6CE7AE8C1F04F88700204C95 /* main.swift */,
				6C74DEAA1F0C2E87000699E9 /* SemanticLog.swift */,
				6CA25EA01F0C389B00987938 /* Extensions.swift */,
			);
			path = semlog;
			sourceTree = "<group>";
		};
/* End PBXGroup section */

/* Begin PBXNativeTarget section */
		6CE7AE881F04F88700204C95 /* semlog */ = {
			isa = PBXNativeTarget;
			buildConfigurationList = 6CE7AE901F04F88700204C95 /* Build configuration list for PBXNativeTarget "semlog" */;
			buildPhases = (
				6C1421381F0CD57C00DFE3A2 /* Bump build number */,
				6CE7AE851F04F88700204C95 /* Sources */,
				6CE7AE861F04F88700204C95 /* Frameworks */,
				6CE7AE871F04F88700204C95 /* CopyFiles */,
				6C1421391F0CD58A00DFE3A2 /* Show changes since last */,
			);
			buildRules = (
			);
			dependencies = (
			);
			name = semlog;
			productName = semlog;
			productReference = 6CE7AE891F04F88700204C95 /* semlog */;
			productType = "com.apple.product-type.tool";
		};
/* End PBXNativeTarget section */

/* Begin PBXProject section */
		6CE7AE811F04F88700204C95 /* Project object */ = {
			isa = PBXProject;
			attributes = {
				LastSwiftUpdateCheck = 0830;
				LastUpgradeCheck = 0830;
				ORGANIZATIONNAME = "Henrik Hartz";
				TargetAttributes = {
					6CE7AE881F04F88700204C95 = {
						CreatedOnToolsVersion = 8.3.3;
						DevelopmentTeam = HU5W2Y753U;
						ProvisioningStyle = Automatic;
					};
				};
			};
			buildConfigurationList = 6CE7AE841F04F88700204C95 /* Build configuration list for PBXProject "semlog" */;
			compatibilityVersion = "Xcode 3.2";
			developmentRegion = English;
			hasScannedForEncodings = 0;
			knownRegions = (
				en,
			);
			mainGroup = 6CE7AE801F04F88700204C95;
			productRefGroup = 6CE7AE8A1F04F88700204C95 /* Products */;
			projectDirPath = "";
			projectRoot = "";
			targets = (
				6CE7AE881F04F88700204C95 /* semlog */,
			);
		};
/* End PBXProject section */

/* Begin PBXShellScriptBuildPhase section */
		6C1421381F0CD57C00DFE3A2 /* Bump build number */ = {
			isa = PBXShellScriptBuildPhase;
			buildActionMask = 8;
			files = (
			);
			inputPaths = (
			);
			name = "Bump build number";
			outputPaths = (
			);
			runOnlyForDeploymentPostprocessing = 1;
			shellPath = /bin/sh;
			shellScript = "buildNumber=$(/usr/libexec/PlistBuddy -c \"Print CFBundleVersion\" \"${INFOPLIST_FILE}\")\nbuildNumber=$(($buildNumber + 1))\n/usr/libexec/PlistBuddy -c \"Set :CFBundleVersion $buildNumber\" \"${INFOPLIST_FILE}\"";
		};
		6C1421391F0CD58A00DFE3A2 /* Show changes since last */ = {
			isa = PBXShellScriptBuildPhase;
			buildActionMask = 8;
			files = (
			);
			inputPaths = (
			);
			name = "Show changes since last";
			outputPaths = (
			);
			runOnlyForDeploymentPostprocessing = 1;
			shellPath = /bin/sh;
			shellScript = "git shortlog `git describe --tags --abbrev=0`..HEAD | semlog | open -t -f";
		};
/* End PBXShellScriptBuildPhase section */

/* Begin PBXSourcesBuildPhase section */
		6CE7AE851F04F88700204C95 /* Sources */ = {
			isa = PBXSourcesBuildPhase;
			buildActionMask = 2147483647;
			files = (
				6C74DEAB1F0C2E87000699E9 /* SemanticLog.swift in Sources */,
				6CA25EA11F0C389B00987938 /* Extensions.swift in Sources */,
				6CE7AE8D1F04F88700204C95 /* main.swift in Sources */,
			);
			runOnlyForDeploymentPostprocessing = 0;
		};
/* End PBXSourcesBuildPhase section */

/* Begin XCBuildConfiguration section */
		6CE7AE8E1F04F88700204C95 /* Debug */ = {
			isa = XCBuildConfiguration;
			buildSettings = {
				ALWAYS_SEARCH_USER_PATHS = NO;
				CLANG_ANALYZER_NONNULL = YES;
				CLANG_ANALYZER_NUMBER_OBJECT_CONVERSION = YES_AGGRESSIVE;
				CLANG_CXX_LANGUAGE_STANDARD = "gnu++0x";
				CLANG_CXX_LIBRARY = "libc++";
				CLANG_ENABLE_MODULES = YES;
				CLANG_ENABLE_OBJC_ARC = YES;
				CLANG_WARN_BOOL_CONVERSION = YES;
				CLANG_WARN_CONSTANT_CONVERSION = YES;
				CLANG_WARN_DIRECT_OBJC_ISA_USAGE = YES_ERROR;
				CLANG_WARN_DOCUMENTATION_COMMENTS = YES;
				CLANG_WARN_EMPTY_BODY = YES;
				CLANG_WARN_ENUM_CONVERSION = YES;
				CLANG_WARN_INFINITE_RECURSION = YES;
				CLANG_WARN_INT_CONVERSION = YES;
				CLANG_WARN_OBJC_ROOT_CLASS = YES_ERROR;
				CLANG_WARN_SUSPICIOUS_MOVE = YES;
				CLANG_WARN_UNREACHABLE_CODE = YES;
				CLANG_WARN__DUPLICATE_METHOD_MATCH = YES;
				CODE_SIGN_IDENTITY = "-";
				COPY_PHASE_STRIP = NO;
				DEBUG_INFORMATION_FORMAT = dwarf;
				ENABLE_STRICT_OBJC_MSGSEND = YES;
				ENABLE_TESTABILITY = YES;
				GCC_C_LANGUAGE_STANDARD = gnu99;
				GCC_DYNAMIC_NO_PIC = NO;
				GCC_NO_COMMON_BLOCKS = YES;
				GCC_OPTIMIZATION_LEVEL = 0;
				GCC_PREPROCESSOR_DEFINITIONS = (
					"DEBUG=1",
					"$(inherited)",
				);
				GCC_WARN_64_TO_32_BIT_CONVERSION = YES;
				GCC_WARN_ABOUT_RETURN_TYPE = YES_ERROR;
				GCC_WARN_UNDECLARED_SELECTOR = YES;
				GCC_WARN_UNINITIALIZED_AUTOS = YES_AGGRESSIVE;
				GCC_WARN_UNUSED_FUNCTION = YES;
				GCC_WARN_UNUSED_VARIABLE = YES;
				MACOSX_DEPLOYMENT_TARGET = 10.12;
				MTL_ENABLE_DEBUG_INFO = YES;
				ONLY_ACTIVE_ARCH = YES;
				SDKROOT = macosx;
				SWIFT_OPTIMIZATION_LEVEL = "-Onone";
			};
			name = Debug;
		};
		6CE7AE8F1F04F88700204C95 /* Release */ = {
			isa = XCBuildConfiguration;
			buildSettings = {
				ALWAYS_SEARCH_USER_PATHS = NO;
				CLANG_ANALYZER_NONNULL = YES;
				CLANG_ANALYZER_NUMBER_OBJECT_CONVERSION = YES_AGGRESSIVE;
				CLANG_CXX_LANGUAGE_STANDARD = "gnu++0x";
				CLANG_CXX_LIBRARY = "libc++";
				CLANG_ENABLE_MODULES = YES;
				CLANG_ENABLE_OBJC_ARC = YES;
				CLANG_WARN_BOOL_CONVERSION = YES;
				CLANG_WARN_CONSTANT_CONVERSION = YES;
				CLANG_WARN_DIRECT_OBJC_ISA_USAGE = YES_ERROR;
				CLANG_WARN_DOCUMENTATION_COMMENTS = YES;
				CLANG_WARN_EMPTY_BODY = YES;
				CLANG_WARN_ENUM_CONVERSION = YES;
				CLANG_WARN_INFINITE_RECURSION = YES;
				CLANG_WARN_INT_CONVERSION = YES;
				CLANG_WARN_OBJC_ROOT_CLASS = YES_ERROR;
				CLANG_WARN_SUSPICIOUS_MOVE = YES;
				CLANG_WARN_UNREACHABLE_CODE = YES;
				CLANG_WARN__DUPLICATE_METHOD_MATCH = YES;
				CODE_SIGN_IDENTITY = "-";
				COPY_PHASE_STRIP = NO;
				DEBUG_INFORMATION_FORMAT = "dwarf-with-dsym";
				ENABLE_NS_ASSERTIONS = NO;
				ENABLE_STRICT_OBJC_MSGSEND = YES;
				GCC_C_LANGUAGE_STANDARD = gnu99;
				GCC_NO_COMMON_BLOCKS = YES;
				GCC_WARN_64_TO_32_BIT_CONVERSION = YES;
				GCC_WARN_ABOUT_RETURN_TYPE = YES_ERROR;
				GCC_WARN_UNDECLARED_SELECTOR = YES;
				GCC_WARN_UNINITIALIZED_AUTOS = YES_AGGRESSIVE;
				GCC_WARN_UNUSED_FUNCTION = YES;
				GCC_WARN_UNUSED_VARIABLE = YES;
				MACOSX_DEPLOYMENT_TARGET = 10.12;
				MTL_ENABLE_DEBUG_INFO = NO;
				SDKROOT = macosx;
			};
			name = Release;
		};
		6CE7AE911F04F88700204C95 /* Debug */ = {
			isa = XCBuildConfiguration;
			buildSettings = {
				CODE_SIGN_IDENTITY = "Mac Developer";
				DEVELOPMENT_TEAM = "";
				INFOPLIST_FILE = "$(SRCROOT)/Info.plist";
				PRODUCT_BUNDLE_IDENTIFIER = hhartz.github.com;
				PRODUCT_NAME = "$(TARGET_NAME)";
				PROVISIONING_PROFILE_SPECIFIER = "";
				SWIFT_VERSION = 3.0;
			};
			name = Debug;
		};
		6CE7AE921F04F88700204C95 /* Release */ = {
			isa = XCBuildConfiguration;
			buildSettings = {
				CODE_SIGN_IDENTITY = "Mac Developer";
				DEVELOPMENT_TEAM = "";
				INFOPLIST_FILE = "$(SRCROOT)/Info.plist";
				PRODUCT_BUNDLE_IDENTIFIER = hhartz.github.com;
				PRODUCT_NAME = "$(TARGET_NAME)";
				PROVISIONING_PROFILE_SPECIFIER = "";
				SWIFT_VERSION = 3.0;
			};
			name = Release;
		};
/* End XCBuildConfiguration section */

/* Begin XCConfigurationList section */
		6CE7AE841F04F88700204C95 /* Build configuration list for PBXProject "semlog" */ = {
			isa = XCConfigurationList;
			buildConfigurations = (
				6CE7AE8E1F04F88700204C95 /* Debug */,
				6CE7AE8F1F04F88700204C95 /* Release */,
			);
			defaultConfigurationIsVisible = 0;
			defaultConfigurationName = Release;
		};
		6CE7AE901F04F88700204C95 /* Build configuration list for PBXNativeTarget "semlog" */ = {
			isa = XCConfigurationList;
			buildConfigurations = (
				6CE7AE911F04F88700204C95 /* Debug */,
				6CE7AE921F04F88700204C95 /* Release */,
			);
			defaultConfigurationIsVisible = 0;
			defaultConfigurationName = Release;
		};
/* End XCConfigurationList section */
	};
	rootObject = 6CE7AE811F04F88700204C95 /* Project object */;
}
